<?xml version="1.0" encoding="utf-8"?>
<Project ToolsVersion="4.0" xmlns="http://schemas.microsoft.com/developer/msbuild/2003">
  <ItemGroup>
    <Filter Include="Source Files">
      <UniqueIdentifier>{4FC737F1-C7A5-4376-A066-2A32D752A2FF}</UniqueIdentifier>
      <Extensions>cpp;c;cc;cxx;def;odl;idl;hpj;bat;asm;asmx</Extensions>
    </Filter>
    <Filter Include="Header Files">
      <UniqueIdentifier>{93995380-89BD-4b04-88EB-625FBE52EBFB}</UniqueIdentifier>
      <Extensions>h;hh;hpp;hxx;hm;inl;inc;ipp;xsd</Extensions>
    </Filter>
    <Filter Include="Resource Files">
      <UniqueIdentifier>{67DA6AB6-F800-4c08-8B7A-83BB121AAD01}</UniqueIdentifier>
      <Extensions>rc;ico;cur;bmp;dlg;rc2;rct;bin;rgs;gif;jpg;jpeg;jpe;resx;tiff;tif;png;wav;mfcribbon-ms</Extensions>
    </Filter>
    <Filter Include="Header Files\shader">
      <UniqueIdentifier>{a195a598-4083-44a6-bdf6-9d21d9e0129b}</UniqueIdentifier>
    </Filter>
    <Filter Include="shader">
      <UniqueIdentifier>{3487b5b2-40ac-48a1-a28d-e32edd1ebd21}</UniqueIdentifier>
    </Filter>
  </ItemGroup>
  <ItemGroup>
    <ClInclude Include="core\EngineCore.h">
      <Filter>Header Files</Filter>
    </ClInclude>
    <ClInclude Include="asset\image\RocketImgLoader.h">
      <Filter>Header Files</Filter>
    </ClInclude>
    <ClInclude Include="input\InputSystem.h">
      <Filter>Header Files</Filter>
    </ClInclude>
    <ClInclude Include="shader\ShaderManager.h">
      <Filter>Header Files</Filter>
    </ClInclude>
    <ClInclude Include="shader\ShaderBuild.h">
      <Filter>Header Files</Filter>
    </ClInclude>
    <ClInclude Include="util\EngineUtils.h">
      <Filter>Header Files</Filter>
    </ClInclude>
    <ClInclude Include="window\Window.h">
      <Filter>Header Files</Filter>
    </ClInclude>
    <ClInclude Include="render\Camera.h">
      <Filter>Header Files</Filter>
    </ClInclude>
    <ClInclude Include="render\Mesh.h">
      <Filter>Header Files</Filter>
    </ClInclude>
    <ClInclude Include="asset\Model.h">
      <Filter>Header Files</Filter>
    </ClInclude>
    <ClInclude Include="logging\RK_Log.h">
      <Filter>Header Files</Filter>
    </ClInclude>
    <ClInclude Include="render\light\Lighting.h">
      <Filter>Header Files</Filter>
    </ClInclude>
    <ClInclude Include="render\light\DirectionalLight.h">
      <Filter>Header Files</Filter>
    </ClInclude>
    <ClInclude Include="shader\RK_Shader.h">
      <Filter>Header Files</Filter>
    </ClInclude>
    <ClInclude Include="render\light\Light.h">
      <Filter>Header Files</Filter>
    </ClInclude>
    <ClInclude Include="render\light\SpotLight.h">
      <Filter>Header Files</Filter>
    </ClInclude>
    <ClInclude Include="render\light\PointLight.h">
      <Filter>Header Files</Filter>
    </ClInclude>
  </ItemGroup>
  <ItemGroup>
    <ClCompile Include="core\EngineCore.cpp">
      <Filter>Source Files</Filter>
    </ClCompile>
    <ClCompile Include="input\InputSystem.cpp">
      <Filter>Source Files</Filter>
    </ClCompile>
    <ClCompile Include="shader\ShaderManager.cpp">
      <Filter>Source Files</Filter>
    </ClCompile>
    <ClCompile Include="window\Window.cpp">
      <Filter>Source Files</Filter>
    </ClCompile>
    <ClCompile Include="render\light\Lighting.cpp">
      <Filter>Source Files</Filter>
    </ClCompile>
    <ClCompile Include="render\light\DirectionalLight.cpp">
      <Filter>Source Files</Filter>
    </ClCompile>
    <ClCompile Include="util\Vector3.cpp">
      <Filter>Source Files</Filter>
    </ClCompile>
    <ClCompile Include="util\Mat4.cpp">
      <Filter>Source Files</Filter>
    </ClCompile>
    <ClCompile Include="util\Vector2.cpp">
      <Filter>Source Files</Filter>
    </ClCompile>
    <ClCompile Include="render\light\PointLight.cpp">
      <Filter>Source Files</Filter>
    </ClCompile>
    <ClCompile Include="render\light\SpotLight.cpp">
      <Filter>Source Files</Filter>
    </ClCompile>
    <ClCompile Include="logging\RK_Log.cpp">
      <Filter>Source Files</Filter>
    </ClCompile>
  </ItemGroup>
  <ItemGroup>
    <None Include="shader\glsl\fSoftSpotlight.glsl">
      <Filter>shader</Filter>
    </None>
    <None Include="shader\glsl\fSpotlight.glsl">
      <Filter>shader</Filter>
    </None>
    <None Include="shader\glsl\fPointLight.glsl">
      <Filter>shader</Filter>
    </None>
    <None Include="shader\glsl\fDirectionalLight.glsl">
      <Filter>shader</Filter>
    </None>
    <None Include="shader\glsl\fLamp.glsl">
      <Filter>shader</Filter>
    </None>
    <None Include="shader\glsl\vLamp.glsl">
      <Filter>shader</Filter>
    </None>
    <None Include="shader\glsl\vLighting.glsl">
      <Filter>shader</Filter>
    </None>
    <None Include="shader\glsl\fLighting.glsl">
      <Filter>shader</Filter>
    </None>
    <None Include="README.md">
      <Filter>Resource Files</Filter>
    </None>
    <None Include="shader\glsl\fShader.glsl" />
    <None Include="shader\glsl\vShader.glsl" />
  </ItemGroup>
</Project>