<?xml version="1.0" encoding="utf-8"?>
<Project ToolsVersion="4.0" xmlns="http://schemas.microsoft.com/developer/msbuild/2003">
  <ItemGroup>
    <Filter Include="Source Files">
      <UniqueIdentifier>{4FC737F1-C7A5-4376-A066-2A32D752A2FF}</UniqueIdentifier>
      <Extensions>cpp;c;cc;cxx;def;odl;idl;hpj;bat;asm;asmx</Extensions>
    </Filter>
    <Filter Include="Header Files">
      <UniqueIdentifier>{93995380-89BD-4b04-88EB-625FBE52EBFB}</UniqueIdentifier>
      <Extensions>h;hh;hpp;hxx;hm;inl;inc;ipp;xsd</Extensions>
    </Filter>
    <Filter Include="Resource Files">
      <UniqueIdentifier>{67DA6AB6-F800-4c08-8B7A-83BB121AAD01}</UniqueIdentifier>
      <Extensions>rc;ico;cur;bmp;dlg;rc2;rct;bin;rgs;gif;jpg;jpeg;jpe;resx;tiff;tif;png;wav;mfcribbon-ms</Extensions>
    </Filter>
    <Filter Include="Header Files\shader">
      <UniqueIdentifier>{a195a598-4083-44a6-bdf6-9d21d9e0129b}</UniqueIdentifier>
    </Filter>
    <Filter Include="shader">
      <UniqueIdentifier>{3487b5b2-40ac-48a1-a28d-e32edd1ebd21}</UniqueIdentifier>
    </Filter>
  </ItemGroup>
  <ItemGroup>
    <ClInclude Include="core\EngineCore.h">
      <Filter>Header Files</Filter>
    </ClInclude>
    <ClInclude Include="input\InputSystem.h">
      <Filter>Header Files</Filter>
    </ClInclude>
    <ClInclude Include="shader\ShaderManager.h">
      <Filter>Header Files</Filter>
    </ClInclude>
    <ClInclude Include="shader\ShaderBuild.h">
      <Filter>Header Files</Filter>
    </ClInclude>
    <ClInclude Include="util\EngineUtils.h">
      <Filter>Header Files</Filter>
    </ClInclude>
    <ClInclude Include="window\Window.h">
      <Filter>Header Files</Filter>
    </ClInclude>
    <ClInclude Include="render\Camera.h">
      <Filter>Header Files</Filter>
    </ClInclude>
    <ClInclude Include="render\Mesh.h">
      <Filter>Header Files</Filter>
    </ClInclude>
    <ClInclude Include="asset\Model.h">
      <Filter>Header Files</Filter>
    </ClInclude>
    <ClInclude Include="logging\RK_Log.h">
      <Filter>Header Files</Filter>
    </ClInclude>
    <ClInclude Include="shader\RK_Shader.h">
      <Filter>Header Files</Filter>
    </ClInclude>
    <ClInclude Include="render\Color.h">
      <Filter>Header Files</Filter>
    </ClInclude>
    <ClInclude Include="render\Text.h">
      <Filter>Header Files</Filter>
    </ClInclude>
    <ClInclude Include="render\layers\Layer.h">
      <Filter>Header Files</Filter>
    </ClInclude>
    <ClInclude Include="render\layers\LayerStack.h">
      <Filter>Header Files</Filter>
    </ClInclude>
    <ClInclude Include="input\InputSender.h">
      <Filter>Header Files</Filter>
    </ClInclude>
    <ClInclude Include="input\senders\AppInputSender.h">
      <Filter>Header Files</Filter>
    </ClInclude>
    <ClInclude Include="input\senders\GameInputSender.h">
      <Filter>Header Files</Filter>
    </ClInclude>
    <ClInclude Include="core\GameObjectManager.h">
      <Filter>Header Files</Filter>
    </ClInclude>
    <ClInclude Include="core\GameObject.h">
      <Filter>Header Files</Filter>
    </ClInclude>
    <ClInclude Include="component\Component.h">
      <Filter>Header Files</Filter>
    </ClInclude>
    <ClInclude Include="component\ComponentManager.h">
      <Filter>Header Files</Filter>
    </ClInclude>
    <ClInclude Include="component\LightComponent.h">
      <Filter>Header Files</Filter>
    </ClInclude>
    <ClInclude Include="component\MaterialComponent.h">
      <Filter>Header Files</Filter>
    </ClInclude>
    <ClInclude Include="component\MeshComponent.h">
      <Filter>Header Files</Filter>
    </ClInclude>
    <ClInclude Include="component\TransformComponent.h">
      <Filter>Header Files</Filter>
    </ClInclude>
    <ClInclude Include="render\platform\OpenGL\ImGuiOpenGLRenderer.h">
      <Filter>Header Files</Filter>
    </ClInclude>
    <ClInclude Include="render\platform\OpenGL\OpenGLBuffer.h">
      <Filter>Header Files</Filter>
    </ClInclude>
    <ClInclude Include="render\buffers\Buffer.h">
      <Filter>Header Files</Filter>
    </ClInclude>
    <ClInclude Include="core\Raycast.h">
      <Filter>Header Files</Filter>
    </ClInclude>
    <ClInclude Include="render\buffers\VertexArray.h">
      <Filter>Header Files</Filter>
    </ClInclude>
    <ClInclude Include="render\platform\OpenGL\OpenGLVertexArray.h">
      <Filter>Header Files</Filter>
    </ClInclude>
    <ClInclude Include="core\RenderCore.h">
      <Filter>Header Files</Filter>
    </ClInclude>
    <ClInclude Include="render\RenderCommand.h">
      <Filter>Header Files</Filter>
    </ClInclude>
    <ClInclude Include="render\Renderer.h">
      <Filter>Header Files</Filter>
    </ClInclude>
    <ClInclude Include="render\platform\OpenGL\OpenGLRenderer.h">
      <Filter>Header Files</Filter>
    </ClInclude>
    <ClInclude Include="render\platform\GLFW\ImGuiGLFWRenderer.h">
      <Filter>Header Files</Filter>
    </ClInclude>
    <ClInclude Include="render\buffers\Texture.h">
      <Filter>Header Files</Filter>
    </ClInclude>
    <ClInclude Include="render\platform\OpenGL\OpenGLTexture.h">
      <Filter>Header Files</Filter>
    </ClInclude>
    <ClInclude Include="render\platform\OpenGL\OpenGLText.h">
      <Filter>Header Files</Filter>
    </ClInclude>
  </ItemGroup>
  <ItemGroup>
    <ClCompile Include="core\EngineCore.cpp">
      <Filter>Source Files</Filter>
    </ClCompile>
    <ClCompile Include="input\InputSystem.cpp">
      <Filter>Source Files</Filter>
    </ClCompile>
    <ClCompile Include="shader\ShaderManager.cpp">
      <Filter>Source Files</Filter>
    </ClCompile>
    <ClCompile Include="window\Window.cpp">
      <Filter>Source Files</Filter>
    </ClCompile>
    <ClCompile Include="logging\RK_Log.cpp">
      <Filter>Source Files</Filter>
    </ClCompile>
    <ClCompile Include="render\Color.cpp">
      <Filter>Source Files</Filter>
    </ClCompile>
    <ClCompile Include="render\Text.cpp">
      <Filter>Source Files</Filter>
    </ClCompile>
    <ClCompile Include="shader\RK_Shader.cpp">
      <Filter>Source Files</Filter>
    </ClCompile>
    <ClCompile Include="render\layers\Layer.cpp">
      <Filter>Source Files</Filter>
    </ClCompile>
    <ClCompile Include="render\layers\LayerStack.cpp">
      <Filter>Source Files</Filter>
    </ClCompile>
    <ClCompile Include="input\senders\AppInputSender.cpp">
      <Filter>Source Files</Filter>
    </ClCompile>
    <ClCompile Include="input\senders\GameInputSender.cpp">
      <Filter>Source Files</Filter>
    </ClCompile>
    <ClCompile Include="asset\Model.cpp">
      <Filter>Source Files</Filter>
    </ClCompile>
    <ClCompile Include="core\GameObjectManager.cpp">
      <Filter>Source Files</Filter>
    </ClCompile>
    <ClCompile Include="core\GameObject.cpp">
      <Filter>Source Files</Filter>
    </ClCompile>
    <ClCompile Include="component\Component.cpp">
      <Filter>Source Files</Filter>
    </ClCompile>
    <ClCompile Include="component\ComponentManager.cpp">
      <Filter>Source Files</Filter>
    </ClCompile>
    <ClCompile Include="component\LightComponent.cpp">
      <Filter>Source Files</Filter>
    </ClCompile>
    <ClCompile Include="component\MaterialComponent.cpp">
      <Filter>Source Files</Filter>
    </ClCompile>
    <ClCompile Include="component\MeshComponent.cpp">
      <Filter>Source Files</Filter>
    </ClCompile>
    <ClCompile Include="component\TransformComponent.cpp">
      <Filter>Source Files</Filter>
    </ClCompile>
    <ClCompile Include="render\platform\OpenGL\ImGuiOpenGLRenderer.cpp">
      <Filter>Source Files</Filter>
    </ClCompile>
    <ClCompile Include="render\platform\OpenGL\OpenGLBuffer.cpp">
      <Filter>Source Files</Filter>
    </ClCompile>
    <ClCompile Include="render\Camera.cpp">
      <Filter>Source Files</Filter>
    </ClCompile>
    <ClCompile Include="render\buffers\Buffer.cpp">
      <Filter>Source Files</Filter>
    </ClCompile>
    <ClCompile Include="core\Raycast.cpp">
      <Filter>Source Files</Filter>
    </ClCompile>
    <ClCompile Include="render\buffers\VertexArray.cpp">
      <Filter>Source Files</Filter>
    </ClCompile>
    <ClCompile Include="render\platform\OpenGL\OpenGLVertexArray.cpp">
      <Filter>Source Files</Filter>
    </ClCompile>
    <ClCompile Include="core\RenderCore.cpp">
      <Filter>Source Files</Filter>
    </ClCompile>
    <ClCompile Include="render\RenderCommand.cpp">
      <Filter>Source Files</Filter>
    </ClCompile>
    <ClCompile Include="render\Renderer.cpp">
      <Filter>Source Files</Filter>
    </ClCompile>
    <ClCompile Include="render\platform\OpenGL\OpenGLRenderer.cpp">
      <Filter>Source Files</Filter>
    </ClCompile>
    <ClCompile Include="render\platform\GLFW\ImGuiGLFWRenderer.cpp">
      <Filter>Source Files</Filter>
    </ClCompile>
    <ClCompile Include="render\buffers\Texture.cpp">
      <Filter>Source Files</Filter>
    </ClCompile>
    <ClCompile Include="render\platform\OpenGL\OpenGLTexture.cpp">
      <Filter>Source Files</Filter>
    </ClCompile>
    <ClCompile Include="render\platform\stb_image\stb_image.cpp">
      <Filter>Source Files</Filter>
    </ClCompile>
    <ClCompile Include="render\Mesh.cpp">
      <Filter>Source Files</Filter>
    </ClCompile>
    <ClCompile Include="render\platform\OpenGL\OpenGLText.cpp">
      <Filter>Source Files</Filter>
    </ClCompile>
  </ItemGroup>
  <ItemGroup>
    <None Include="shader\glsl\fSoftSpotlight.glsl">
      <Filter>shader</Filter>
    </None>
    <None Include="shader\glsl\fSpotlight.glsl">
      <Filter>shader</Filter>
    </None>
    <None Include="shader\glsl\fPointLight.glsl">
      <Filter>shader</Filter>
    </None>
    <None Include="shader\glsl\fDirectionalLight.glsl">
      <Filter>shader</Filter>
    </None>
    <None Include="shader\glsl\fLamp.glsl">
      <Filter>shader</Filter>
    </None>
    <None Include="shader\glsl\vLamp.glsl">
      <Filter>shader</Filter>
    </None>
    <None Include="shader\glsl\vLighting.glsl">
      <Filter>shader</Filter>
    </None>
    <None Include="shader\glsl\fLighting.glsl">
      <Filter>shader</Filter>
    </None>
    <None Include="README.md">
      <Filter>Resource Files</Filter>
    </None>
    <None Include="shader\glsl\fShader.glsl" />
    <None Include="shader\glsl\vShader.glsl" />
    <None Include="shader\glsl\vTextRender.glsl" />
    <None Include="shader\glsl\fTextRender.glsl" />
    <None Include="shader\glsl\fDepthBuffer.glsl" />
    <None Include="shader\glsl\fFrameBuffer.glsl" />
    <None Include="shader\glsl\vFrameBufferScreen.glsl" />
    <None Include="shader\glsl\fFrameBufferScreen.glsl" />
    <None Include="shader\glsl\vFrameBuffer.glsl" />
  </ItemGroup>
</Project>